// !$*UTF8*$!
{
	archiveVersion = 1;
	classes = {
	};
	objectVersion = 50;
	objects = {

/* Begin PBXBuildFile section */
		D42F26212679C0F600C16022 /* AppDelegate.swift in Sources */ = {isa = PBXBuildFile; fileRef = D42F26202679C0F600C16022 /* AppDelegate.swift */; };
		D42F26232679C0F600C16022 /* SceneDelegate.swift in Sources */ = {isa = PBXBuildFile; fileRef = D42F26222679C0F600C16022 /* SceneDelegate.swift */; };
		D42F26282679C0F600C16022 /* Main.storyboard in Resources */ = {isa = PBXBuildFile; fileRef = D42F26262679C0F600C16022 /* Main.storyboard */; };
		D42F262A2679C0FC00C16022 /* Assets.xcassets in Resources */ = {isa = PBXBuildFile; fileRef = D42F26292679C0FC00C16022 /* Assets.xcassets */; };
		D42F262D2679C0FC00C16022 /* LaunchScreen.storyboard in Resources */ = {isa = PBXBuildFile; fileRef = D42F262B2679C0FC00C16022 /* LaunchScreen.storyboard */; };
		D42F2635267C608D00C16022 /* StepOnLandminesViewController.swift in Sources */ = {isa = PBXBuildFile; fileRef = D42F2634267C608D00C16022 /* StepOnLandminesViewController.swift */; };
		D4FB654126845A32001607F3 /* StepOnLandmines.xcdatamodeld in Sources */ = {isa = PBXBuildFile; fileRef = D4FB653F26845A31001607F3 /* StepOnLandmines.xcdatamodeld */; };
/* End PBXBuildFile section */

/* Begin PBXFileReference section */
		D42F261D2679C0F600C16022 /* Step On Landmines.app */ = {isa = PBXFileReference; explicitFileType = wrapper.application; includeInIndex = 0; path = "Step On Landmines.app"; sourceTree = BUILT_PRODUCTS_DIR; };
		D42F26202679C0F600C16022 /* AppDelegate.swift */ = {isa = PBXFileReference; lastKnownFileType = sourcecode.swift; path = AppDelegate.swift; sourceTree = "<group>"; };
		D42F26222679C0F600C16022 /* SceneDelegate.swift */ = {isa = PBXFileReference; lastKnownFileType = sourcecode.swift; path = SceneDelegate.swift; sourceTree = "<group>"; };
		D42F26272679C0F600C16022 /* Base */ = {isa = PBXFileReference; lastKnownFileType = file.storyboard; name = Base; path = Base.lproj/Main.storyboard; sourceTree = "<group>"; };
		D42F26292679C0FC00C16022 /* Assets.xcassets */ = {isa = PBXFileReference; lastKnownFileType = folder.assetcatalog; path = Assets.xcassets; sourceTree = "<group>"; };
		D42F262C2679C0FC00C16022 /* Base */ = {isa = PBXFileReference; lastKnownFileType = file.storyboard; name = Base; path = Base.lproj/LaunchScreen.storyboard; sourceTree = "<group>"; };
		D42F262E2679C0FC00C16022 /* Info.plist */ = {isa = PBXFileReference; lastKnownFileType = text.plist.xml; path = Info.plist; sourceTree = "<group>"; };
		D42F2634267C608D00C16022 /* StepOnLandminesViewController.swift */ = {isa = PBXFileReference; lastKnownFileType = sourcecode.swift; path = StepOnLandminesViewController.swift; sourceTree = "<group>"; };
		D4FB654026845A31001607F3 /* StepOnLandmines.xcdatamodel */ = {isa = PBXFileReference; lastKnownFileType = wrapper.xcdatamodel; path = StepOnLandmines.xcdatamodel; sourceTree = "<group>"; };
/* End PBXFileReference section */

/* Begin PBXFrameworksBuildPhase section */
		D42F261A2679C0F600C16022 /* Frameworks */ = {
			isa = PBXFrameworksBuildPhase;
			buildActionMask = 2147483647;
			files = (
			);
			runOnlyForDeploymentPostprocessing = 0;
		};
/* End PBXFrameworksBuildPhase section */

/* Begin PBXGroup section */
		D42F26142679C0F600C16022 = {
			isa = PBXGroup;
			children = (
				D42F261F2679C0F600C16022 /* Step On Landmines */,
				D42F261E2679C0F600C16022 /* Products */,
			);
			sourceTree = "<group>";
		};
		D42F261E2679C0F600C16022 /* Products */ = {
			isa = PBXGroup;
			children = (
				D42F261D2679C0F600C16022 /* Step On Landmines.app */,
			);
			name = Products;
			sourceTree = "<group>";
		};
		D42F261F2679C0F600C16022 /* Step On Landmines */ = {
			isa = PBXGroup;
			children = (
				D42F26202679C0F600C16022 /* AppDelegate.swift */,
				D42F26222679C0F600C16022 /* SceneDelegate.swift */,
				D42F2634267C608D00C16022 /* StepOnLandminesViewController.swift */,
				D42F26262679C0F600C16022 /* Main.storyboard */,
				D42F26292679C0FC00C16022 /* Assets.xcassets */,
				D42F262B2679C0FC00C16022 /* LaunchScreen.storyboard */,
				D42F262E2679C0FC00C16022 /* Info.plist */,
				D4FB653F26845A31001607F3 /* StepOnLandmines.xcdatamodeld */,
			);
			path = "Step On Landmines";
			sourceTree = "<group>";
		};
/* End PBXGroup section */

/* Begin PBXNativeTarget section */
		D42F261C2679C0F600C16022 /* Step On Landmines */ = {
			isa = PBXNativeTarget;
			buildConfigurationList = D42F26312679C0FC00C16022 /* Build configuration list for PBXNativeTarget "Step On Landmines" */;
			buildPhases = (
				D42F26192679C0F600C16022 /* Sources */,
				D42F261A2679C0F600C16022 /* Frameworks */,
				D42F261B2679C0F600C16022 /* Resources */,
			);
			buildRules = (
			);
			dependencies = (
			);
			name = "Step On Landmines";
			productName = "Step On Landmines";
			productReference = D42F261D2679C0F600C16022 /* Step On Landmines.app */;
			productType = "com.apple.product-type.application";
		};
/* End PBXNativeTarget section */

/* Begin PBXProject section */
		D42F26152679C0F600C16022 /* Project object */ = {
			isa = PBXProject;
			attributes = {
				LastSwiftUpdateCheck = 1250;
				LastUpgradeCheck = 1250;
				TargetAttributes = {
					D42F261C2679C0F600C16022 = {
						CreatedOnToolsVersion = 12.5;
					};
				};
			};
			buildConfigurationList = D42F26182679C0F600C16022 /* Build configuration list for PBXProject "Step On Landmines" */;
			compatibilityVersion = "Xcode 9.3";
			developmentRegion = en;
			hasScannedForEncodings = 0;
			knownRegions = (
				en,
				Base,
			);
			mainGroup = D42F26142679C0F600C16022;
			productRefGroup = D42F261E2679C0F600C16022 /* Products */;
			projectDirPath = "";
			projectRoot = "";
			targets = (
				D42F261C2679C0F600C16022 /* Step On Landmines */,
			);
		};
/* End PBXProject section */

/* Begin PBXResourcesBuildPhase section */
		D42F261B2679C0F600C16022 /* Resources */ = {
			isa = PBXResourcesBuildPhase;
			buildActionMask = 2147483647;
			files = (
				D42F262D2679C0FC00C16022 /* LaunchScreen.storyboard in Resources */,
				D42F262A2679C0FC00C16022 /* Assets.xcassets in Resources */,
				D42F26282679C0F600C16022 /* Main.storyboard in Resources */,
			);
			runOnlyForDeploymentPostprocessing = 0;
		};
/* End PBXResourcesBuildPhase section */

/* Begin PBXSourcesBuildPhase section */
		D42F26192679C0F600C16022 /* Sources */ = {
			isa = PBXSourcesBuildPhase;
			buildActionMask = 2147483647;
			files = (
				D4FB654126845A32001607F3 /* StepOnLandmines.xcdatamodeld in Sources */,
				D42F2635267C608D00C16022 /* StepOnLandminesViewController.swift in Sources */,
				D42F26212679C0F600C16022 /* AppDelegate.swift in Sources */,
				D42F26232679C0F600C16022 /* SceneDelegate.swift in Sources */,
			);
			runOnlyForDeploymentPostprocessing = 0;
		};
/* End PBXSourcesBuildPhase section */

/* Begin PBXVariantGroup section */
		D42F26262679C0F600C16022 /* Main.storyboard */ = {
			isa = PBXVariantGroup;
			children = (
				D42F26272679C0F600C16022 /* Base */,
			);
			name = Main.storyboard;
			sourceTree = "<group>";
		};
		D42F262B2679C0FC00C16022 /* LaunchScreen.storyboard */ = {
			isa = PBXVariantGroup;
			children = (
				D42F262C2679C0FC00C16022 /* Base */,
			);
			name = LaunchScreen.storyboard;
			sourceTree = "<group>";
		};
/* End PBXVariantGroup section */

/* Begin XCBuildConfiguration section */
		D42F262F2679C0FC00C16022 /* Debug */ = {
			isa = XCBuildConfiguration;
			buildSettings = {
				ALWAYS_SEARCH_USER_PATHS = NO;
				CLANG_ANALYZER_NONNULL = YES;
				CLANG_ANALYZER_NUMBER_OBJECT_CONVERSION = YES_AGGRESSIVE;
				CLANG_CXX_LANGUAGE_STANDARD = "gnu++14";
				CLANG_CXX_LIBRARY = "libc++";
				CLANG_ENABLE_MODULES = YES;
				CLANG_ENABLE_OBJC_ARC = YES;
				CLANG_ENABLE_OBJC_WEAK = YES;
				CLANG_WARN_BLOCK_CAPTURE_AUTORELEASING = YES;
				CLANG_WARN_BOOL_CONVERSION = YES;
				CLANG_WARN_COMMA = YES;
				CLANG_WARN_CONSTANT_CONVERSION = YES;
				CLANG_WARN_DEPRECATED_OBJC_IMPLEMENTATIONS = YES;
				CLANG_WARN_DIRECT_OBJC_ISA_USAGE = YES_ERROR;
				CLANG_WARN_DOCUMENTATION_COMMENTS = YES;
				CLANG_WARN_EMPTY_BODY = YES;
				CLANG_WARN_ENUM_CONVERSION = YES;
				CLANG_WARN_INFINITE_RECURSION = YES;
				CLANG_WARN_INT_CONVERSION = YES;
				CLANG_WARN_NON_LITERAL_NULL_CONVERSION = YES;
				CLANG_WARN_OBJC_IMPLICIT_RETAIN_SELF = YES;
				CLANG_WARN_OBJC_LITERAL_CONVERSION = YES;
				CLANG_WARN_OBJC_ROOT_CLASS = YES_ERROR;
				CLANG_WARN_QUOTED_INCLUDE_IN_FRAMEWORK_HEADER = YES;
				CLANG_WARN_RANGE_LOOP_ANALYSIS = YES;
				CLANG_WARN_STRICT_PROTOTYPES = YES;
				CLANG_WARN_SUSPICIOUS_MOVE = YES;
				CLANG_WARN_UNGUARDED_AVAILABILITY = YES_AGGRESSIVE;
				CLANG_WARN_UNREACHABLE_CODE = YES;
				CLANG_WARN__DUPLICATE_METHOD_MATCH = YES;
				COPY_PHASE_STRIP = NO;
				DEBUG_INFORMATION_FORMAT = dwarf;
				ENABLE_STRICT_OBJC_MSGSEND = YES;
				ENABLE_TESTABILITY = YES;
				GCC_C_LANGUAGE_STANDARD = gnu11;
				GCC_DYNAMIC_NO_PIC = NO;
				GCC_NO_COMMON_BLOCKS = YES;
				GCC_OPTIMIZATION_LEVEL = 0;
				GCC_PREPROCESSOR_DEFINITIONS = (
					"DEBUG=1",
					"$(inherited)",
				);
				GCC_WARN_64_TO_32_BIT_CONVERSION = YES;
				GCC_WARN_ABOUT_RETURN_TYPE = YES_ERROR;
				GCC_WARN_UNDECLARED_SELECTOR = YES;
				GCC_WARN_UNINITIALIZED_AUTOS = YES_AGGRESSIVE;
				GCC_WARN_UNUSED_FUNCTION = YES;
				GCC_WARN_UNUSED_VARIABLE = YES;
				IPHONEOS_DEPLOYMENT_TARGET = 14.5;
				MTL_ENABLE_DEBUG_INFO = INCLUDE_SOURCE;
				MTL_FAST_MATH = YES;
				ONLY_ACTIVE_ARCH = YES;
				SDKROOT = iphoneos;
				SWIFT_ACTIVE_COMPILATION_CONDITIONS = DEBUG;
				SWIFT_OPTIMIZATION_LEVEL = "-Onone";
			};
			name = Debug;
		};
		D42F26302679C0FC00C16022 /* Release */ = {
			isa = XCBuildConfiguration;
			buildSettings = {
				ALWAYS_SEARCH_USER_PATHS = NO;
				CLANG_ANALYZER_NONNULL = YES;
				CLANG_ANALYZER_NUMBER_OBJECT_CONVERSION = YES_AGGRESSIVE;
				CLANG_CXX_LANGUAGE_STANDARD = "gnu++14";
				CLANG_CXX_LIBRARY = "libc++";
				CLANG_ENABLE_MODULES = YES;
				CLANG_ENABLE_OBJC_ARC = YES;
				CLANG_ENABLE_OBJC_WEAK = YES;
				CLANG_WARN_BLOCK_CAPTURE_AUTORELEASING = YES;
				CLANG_WARN_BOOL_CONVERSION = YES;
				CLANG_WARN_COMMA = YES;
				CLANG_WARN_CONSTANT_CONVERSION = YES;
				CLANG_WARN_DEPRECATED_OBJC_IMPLEMENTATIONS = YES;
				CLANG_WARN_DIRECT_OBJC_ISA_USAGE = YES_ERROR;
				CLANG_WARN_DOCUMENTATION_COMMENTS = YES;
				CLANG_WARN_EMPTY_BODY = YES;
				CLANG_WARN_ENUM_CONVERSION = YES;
				CLANG_WARN_INFINITE_RECURSION = YES;
				CLANG_WARN_INT_CONVERSION = YES;
				CLANG_WARN_NON_LITERAL_NULL_CONVERSION = YES;
				CLANG_WARN_OBJC_IMPLICIT_RETAIN_SELF = YES;
				CLANG_WARN_OBJC_LITERAL_CONVERSION = YES;
				CLANG_WARN_OBJC_ROOT_CLASS = YES_ERROR;
				CLANG_WARN_QUOTED_INCLUDE_IN_FRAMEWORK_HEADER = YES;
				CLANG_WARN_RANGE_LOOP_ANALYSIS = YES;
				CLANG_WARN_STRICT_PROTOTYPES = YES;
				CLANG_WARN_SUSPICIOUS_MOVE = YES;
				CLANG_WARN_UNGUARDED_AVAILABILITY = YES_AGGRESSIVE;
				CLANG_WARN_UNREACHABLE_CODE = YES;
				CLANG_WARN__DUPLICATE_METHOD_MATCH = YES;
				COPY_PHASE_STRIP = NO;
				DEBUG_INFORMATION_FORMAT = "dwarf-with-dsym";
				ENABLE_NS_ASSERTIONS = NO;
				ENABLE_STRICT_OBJC_MSGSEND = YES;
				GCC_C_LANGUAGE_STANDARD = gnu11;
				GCC_NO_COMMON_BLOCKS = YES;
				GCC_WARN_64_TO_32_BIT_CONVERSION = YES;
				GCC_WARN_ABOUT_RETURN_TYPE = YES_ERROR;
				GCC_WARN_UNDECLARED_SELECTOR = YES;
				GCC_WARN_UNINITIALIZED_AUTOS = YES_AGGRESSIVE;
				GCC_WARN_UNUSED_FUNCTION = YES;
				GCC_WARN_UNUSED_VARIABLE = YES;
				IPHONEOS_DEPLOYMENT_TARGET = 14.5;
				MTL_ENABLE_DEBUG_INFO = NO;
				MTL_FAST_MATH = YES;
				SDKROOT = iphoneos;
				SWIFT_COMPILATION_MODE = wholemodule;
				SWIFT_OPTIMIZATION_LEVEL = "-O";
				VALIDATE_PRODUCT = YES;
			};
			name = Release;
		};
		D42F26322679C0FC00C16022 /* Debug */ = {
			isa = XCBuildConfiguration;
			buildSettings = {
				ASSETCATALOG_COMPILER_APPICON_NAME = AppIcon;
				ASSETCATALOG_COMPILER_GLOBAL_ACCENT_COLOR_NAME = AccentColor;
				CODE_SIGN_STYLE = Automatic;
				DEVELOPMENT_TEAM = L4F43KC7RQ;
				INFOPLIST_FILE = "Step On Landmines/Info.plist";
				LD_RUNPATH_SEARCH_PATHS = (
					"$(inherited)",
					"@executable_path/Frameworks",
				);
				PRODUCT_BUNDLE_IDENTIFIER = "ryan-chang.Step-On-Landmines";
				PRODUCT_NAME = "$(TARGET_NAME)";
				SWIFT_VERSION = 5.0;
				TARGETED_DEVICE_FAMILY = "1,2";
			};
			name = Debug;
		};
		D42F26332679C0FC00C16022 /* Release */ = {
			isa = XCBuildConfiguration;
			buildSettings = {
				ASSETCATALOG_COMPILER_APPICON_NAME = AppIcon;
				ASSETCATALOG_COMPILER_GLOBAL_ACCENT_COLOR_NAME = AccentColor;
				CODE_SIGN_STYLE = Automatic;
				DEVELOPMENT_TEAM = L4F43KC7RQ;
				INFOPLIST_FILE = "Step On Landmines/Info.plist";
				LD_RUNPATH_SEARCH_PATHS = (
					"$(inherited)",
					"@executable_path/Frameworks",
				);
				PRODUCT_BUNDLE_IDENTIFIER = "ryan-chang.Step-On-Landmines";
				PRODUCT_NAME = "$(TARGET_NAME)";
				SWIFT_VERSION = 5.0;
				TARGETED_DEVICE_FAMILY = "1,2";
			};
			name = Release;
		};
/* End XCBuildConfiguration section */

/* Begin XCConfigurationList section */
		D42F26182679C0F600C16022 /* Build configuration list for PBXProject "Step On Landmines" */ = {
			isa = XCConfigurationList;
			buildConfigurations = (
				D42F262F2679C0FC00C16022 /* Debug */,
				D42F26302679C0FC00C16022 /* Release */,
			);
			defaultConfigurationIsVisible = 0;
			defaultConfigurationName = Release;
		};
		D42F26312679C0FC00C16022 /* Build configuration list for PBXNativeTarget "Step On Landmines" */ = {
			isa = XCConfigurationList;
			buildConfigurations = (
				D42F26322679C0FC00C16022 /* Debug */,
				D42F26332679C0FC00C16022 /* Release */,
			);
			defaultConfigurationIsVisible = 0;
			defaultConfigurationName = Release;
		};
/* End XCConfigurationList section */

/* Begin XCVersionGroup section */
		D4FB653F26845A31001607F3 /* StepOnLandmines.xcdatamodeld */ = {
			isa = XCVersionGroup;
			children = (
				D4FB654026845A31001607F3 /* StepOnLandmines.xcdatamodel */,
			);
			currentVersion = D4FB654026845A31001607F3 /* StepOnLandmines.xcdatamodel */;
			path = StepOnLandmines.xcdatamodeld;
			sourceTree = "<group>";
			versionGroupType = wrapper.xcdatamodel;
		};
/* End XCVersionGroup section */
	};
	rootObject = D42F26152679C0F600C16022 /* Project object */;
}
